
Microsoft Visual Studio Solution File, Format Version 12.00
# Visual Studio Version 17
VisualStudioVersion = 17.1.32407.343
MinimumVisualStudioVersion = 10.0.40219.1
Project("{2150E333-8FDC-42A3-9474-1A3956D46DE8}") = "Core", "Core", "{1A16AE65-9099-48C8-AF69-3707F5227835}"
EndProject
Project("{9A19103F-16F7-4668-BE54-9A1E7A4F7556}") = "BigioContract", "BigioContract\BigioContract.csproj", "{3E0F25E5-C56A-4509-A045-7070F1E9E573}"
EndProject
Project("{9A19103F-16F7-4668-BE54-9A1E7A4F7556}") = "BigioTest", "BigioTest\BigioTest.csproj", "{41DCE6A1-CD55-4738-BEE1-9C0550CCEEC5}"
EndProject
Project("{9A19103F-16F7-4668-BE54-9A1E7A4F7556}") = "BigioDomain", "BigioDomain\BigioDomain.csproj", "{021D9A6F-4CFE-4379-9027-C4310421554E}"
EndProject
Project("{FAE04EC0-301F-11D3-BF4B-00C04F79EFBC}") = "BigioWebApi", "BigioWebApi\BigioWebApi.csproj", "{57C7A1C6-5F35-4F22-8571-239C8BB9F265}"
EndProject
Project("{FAE04EC0-301F-11D3-BF4B-00C04F79EFBC}") = "Bigio.Service", "Bigio.Service\Bigio.Service.csproj", "{89D4F7DD-3B55-414C-805B-83F9E43E484E}"
EndProject
Project("{FAE04EC0-301F-11D3-BF4B-00C04F79EFBC}") = "Bigio.Service.Abstraction", "Bigio.Service.Abstraction\Bigio.Service.Abstraction.csproj", "{10815F2D-1581-4796-B7DA-C9786005F9B0}"
EndProject
Project("{2150E333-8FDC-42A3-9474-1A3956D46DE8}") = "Infrastructure", "Infrastructure", "{F5A2DB7C-C708-466B-8D4F-74E96314AD49}"
EndProject
Project("{FAE04EC0-301F-11D3-BF4B-00C04F79EFBC}") = "Bigio.Presistence", "Bigio.Presistence\Bigio.Presistence.csproj", "{B52856C8-438A-4EEF-9569-0A8979AE01BC}"
EndProject
Global
	GlobalSection(SolutionConfigurationPlatforms) = preSolution
		Debug|Any CPU = Debug|Any CPU
		Release|Any CPU = Release|Any CPU
	EndGlobalSection
	GlobalSection(ProjectConfigurationPlatforms) = postSolution
		{3E0F25E5-C56A-4509-A045-7070F1E9E573}.Debug|Any CPU.ActiveCfg = Debug|Any CPU
		{3E0F25E5-C56A-4509-A045-7070F1E9E573}.Debug|Any CPU.Build.0 = Debug|Any CPU
		{3E0F25E5-C56A-4509-A045-7070F1E9E573}.Release|Any CPU.ActiveCfg = Release|Any CPU
		{3E0F25E5-C56A-4509-A045-7070F1E9E573}.Release|Any CPU.Build.0 = Release|Any CPU
		{41DCE6A1-CD55-4738-BEE1-9C0550CCEEC5}.Debug|Any CPU.ActiveCfg = Debug|Any CPU
		{41DCE6A1-CD55-4738-BEE1-9C0550CCEEC5}.Debug|Any CPU.Build.0 = Debug|Any CPU
		{41DCE6A1-CD55-4738-BEE1-9C0550CCEEC5}.Release|Any CPU.ActiveCfg = Release|Any CPU
		{41DCE6A1-CD55-4738-BEE1-9C0550CCEEC5}.Release|Any CPU.Build.0 = Release|Any CPU
		{021D9A6F-4CFE-4379-9027-C4310421554E}.Debug|Any CPU.ActiveCfg = Debug|Any CPU
		{021D9A6F-4CFE-4379-9027-C4310421554E}.Debug|Any CPU.Build.0 = Debug|Any CPU
		{021D9A6F-4CFE-4379-9027-C4310421554E}.Release|Any CPU.ActiveCfg = Release|Any CPU
		{021D9A6F-4CFE-4379-9027-C4310421554E}.Release|Any CPU.Build.0 = Release|Any CPU
		{57C7A1C6-5F35-4F22-8571-239C8BB9F265}.Debug|Any CPU.ActiveCfg = Debug|Any CPU
		{57C7A1C6-5F35-4F22-8571-239C8BB9F265}.Debug|Any CPU.Build.0 = Debug|Any CPU
		{57C7A1C6-5F35-4F22-8571-239C8BB9F265}.Release|Any CPU.ActiveCfg = Release|Any CPU
		{57C7A1C6-5F35-4F22-8571-239C8BB9F265}.Release|Any CPU.Build.0 = Release|Any CPU
		{89D4F7DD-3B55-414C-805B-83F9E43E484E}.Debug|Any CPU.ActiveCfg = Debug|Any CPU
		{89D4F7DD-3B55-414C-805B-83F9E43E484E}.Debug|Any CPU.Build.0 = Debug|Any CPU
		{89D4F7DD-3B55-414C-805B-83F9E43E484E}.Release|Any CPU.ActiveCfg = Release|Any CPU
		{89D4F7DD-3B55-414C-805B-83F9E43E484E}.Release|Any CPU.Build.0 = Release|Any CPU
		{10815F2D-1581-4796-B7DA-C9786005F9B0}.Debug|Any CPU.ActiveCfg = Debug|Any CPU
		{10815F2D-1581-4796-B7DA-C9786005F9B0}.Debug|Any CPU.Build.0 = Debug|Any CPU
		{10815F2D-1581-4796-B7DA-C9786005F9B0}.Release|Any CPU.ActiveCfg = Release|Any CPU
		{10815F2D-1581-4796-B7DA-C9786005F9B0}.Release|Any CPU.Build.0 = Release|Any CPU
		{B52856C8-438A-4EEF-9569-0A8979AE01BC}.Debug|Any CPU.ActiveCfg = Debug|Any CPU
		{B52856C8-438A-4EEF-9569-0A8979AE01BC}.Debug|Any CPU.Build.0 = Debug|Any CPU
		{B52856C8-438A-4EEF-9569-0A8979AE01BC}.Release|Any CPU.ActiveCfg = Release|Any CPU
		{B52856C8-438A-4EEF-9569-0A8979AE01BC}.Release|Any CPU.Build.0 = Release|Any CPU
	EndGlobalSection
	GlobalSection(SolutionProperties) = preSolution
		HideSolutionNode = FALSE
	EndGlobalSection
	GlobalSection(NestedProjects) = preSolution
		{3E0F25E5-C56A-4509-A045-7070F1E9E573} = {1A16AE65-9099-48C8-AF69-3707F5227835}
		{021D9A6F-4CFE-4379-9027-C4310421554E} = {1A16AE65-9099-48C8-AF69-3707F5227835}
		{89D4F7DD-3B55-414C-805B-83F9E43E484E} = {1A16AE65-9099-48C8-AF69-3707F5227835}
		{10815F2D-1581-4796-B7DA-C9786005F9B0} = {1A16AE65-9099-48C8-AF69-3707F5227835}
		{B52856C8-438A-4EEF-9569-0A8979AE01BC} = {F5A2DB7C-C708-466B-8D4F-74E96314AD49}
	EndGlobalSection
	GlobalSection(ExtensibilityGlobals) = postSolution
		SolutionGuid = {E30329D8-C1D6-46B3-9B76-D25862FF8ECF}
	EndGlobalSection
EndGlobal
