
Microsoft Visual Studio Solution File, Format Version 12.00
# Visual Studio Version 17
VisualStudioVersion = 17.1.32407.343
MinimumVisualStudioVersion = 10.0.40219.1
Project("{9A19103F-16F7-4668-BE54-9A1E7A4F7556}") = "BigioWebApi", "BigioWebApi\BigioWebApi.csproj", "{57C7A1C6-5F35-4F22-8571-239C8BB9F265}"
EndProject
Project("{2150E333-8FDC-42A3-9474-1A3956D46DE8}") = "Infrastructure", "Infrastructure", "{F5A2DB7C-C708-466B-8D4F-74E96314AD49}"
EndProject
Project("{9A19103F-16F7-4668-BE54-9A1E7A4F7556}") = "Bigio.Presistence", "Bigio.Presistence\Bigio.Presistence.csproj", "{B52856C8-438A-4EEF-9569-0A8979AE01BC}"
EndProject
Project("{2150E333-8FDC-42A3-9474-1A3956D46DE8}") = "Core", "Core", "{04632133-505D-42EE-AE9D-5162B9CC2548}"
EndProject
Project("{2150E333-8FDC-42A3-9474-1A3956D46DE8}") = "WebApi", "WebApi", "{62ABD9B4-B363-4DCA-BC5D-AF5DE5A19CAA}"
EndProject
Project("{9A19103F-16F7-4668-BE54-9A1E7A4F7556}") = "BigioContract", "BigioContract\BigioContract.csproj", "{77F16CD9-A58C-44BC-8E87-822A780F9750}"
EndProject
Project("{9A19103F-16F7-4668-BE54-9A1E7A4F7556}") = "BigioDomain", "BigioDomain\BigioDomain.csproj", "{9A8C586A-14A3-4BBE-A272-E158C24394A4}"
EndProject
Project("{9A19103F-16F7-4668-BE54-9A1E7A4F7556}") = "Bigio.Service", "Bigio.Service\Bigio.Service.csproj", "{68F4F8BF-B05E-40DB-ABCD-0F6A9DF928F0}"
EndProject
Project("{9A19103F-16F7-4668-BE54-9A1E7A4F7556}") = "Bigio.Service.Abstraction", "Bigio.Service.Abstraction\Bigio.Service.Abstraction.csproj", "{0A0542C5-623F-45FD-BEA0-5FD9A173A807}"
EndProject
Global
	GlobalSection(SolutionConfigurationPlatforms) = preSolution
		Debug|Any CPU = Debug|Any CPU
		Release|Any CPU = Release|Any CPU
	EndGlobalSection
	GlobalSection(ProjectConfigurationPlatforms) = postSolution
		{57C7A1C6-5F35-4F22-8571-239C8BB9F265}.Debug|Any CPU.ActiveCfg = Debug|Any CPU
		{57C7A1C6-5F35-4F22-8571-239C8BB9F265}.Debug|Any CPU.Build.0 = Debug|Any CPU
		{57C7A1C6-5F35-4F22-8571-239C8BB9F265}.Release|Any CPU.ActiveCfg = Release|Any CPU
		{57C7A1C6-5F35-4F22-8571-239C8BB9F265}.Release|Any CPU.Build.0 = Release|Any CPU
		{B52856C8-438A-4EEF-9569-0A8979AE01BC}.Debug|Any CPU.ActiveCfg = Debug|Any CPU
		{B52856C8-438A-4EEF-9569-0A8979AE01BC}.Debug|Any CPU.Build.0 = Debug|Any CPU
		{B52856C8-438A-4EEF-9569-0A8979AE01BC}.Release|Any CPU.ActiveCfg = Release|Any CPU
		{B52856C8-438A-4EEF-9569-0A8979AE01BC}.Release|Any CPU.Build.0 = Release|Any CPU
		{77F16CD9-A58C-44BC-8E87-822A780F9750}.Debug|Any CPU.ActiveCfg = Debug|Any CPU
		{77F16CD9-A58C-44BC-8E87-822A780F9750}.Debug|Any CPU.Build.0 = Debug|Any CPU
		{77F16CD9-A58C-44BC-8E87-822A780F9750}.Release|Any CPU.ActiveCfg = Release|Any CPU
		{77F16CD9-A58C-44BC-8E87-822A780F9750}.Release|Any CPU.Build.0 = Release|Any CPU
		{9A8C586A-14A3-4BBE-A272-E158C24394A4}.Debug|Any CPU.ActiveCfg = Debug|Any CPU
		{9A8C586A-14A3-4BBE-A272-E158C24394A4}.Debug|Any CPU.Build.0 = Debug|Any CPU
		{9A8C586A-14A3-4BBE-A272-E158C24394A4}.Release|Any CPU.ActiveCfg = Release|Any CPU
		{9A8C586A-14A3-4BBE-A272-E158C24394A4}.Release|Any CPU.Build.0 = Release|Any CPU
		{68F4F8BF-B05E-40DB-ABCD-0F6A9DF928F0}.Debug|Any CPU.ActiveCfg = Debug|Any CPU
		{68F4F8BF-B05E-40DB-ABCD-0F6A9DF928F0}.Debug|Any CPU.Build.0 = Debug|Any CPU
		{68F4F8BF-B05E-40DB-ABCD-0F6A9DF928F0}.Release|Any CPU.ActiveCfg = Release|Any CPU
		{68F4F8BF-B05E-40DB-ABCD-0F6A9DF928F0}.Release|Any CPU.Build.0 = Release|Any CPU
		{0A0542C5-623F-45FD-BEA0-5FD9A173A807}.Debug|Any CPU.ActiveCfg = Debug|Any CPU
		{0A0542C5-623F-45FD-BEA0-5FD9A173A807}.Debug|Any CPU.Build.0 = Debug|Any CPU
		{0A0542C5-623F-45FD-BEA0-5FD9A173A807}.Release|Any CPU.ActiveCfg = Release|Any CPU
		{0A0542C5-623F-45FD-BEA0-5FD9A173A807}.Release|Any CPU.Build.0 = Release|Any CPU
	EndGlobalSection
	GlobalSection(SolutionProperties) = preSolution
		HideSolutionNode = FALSE
	EndGlobalSection
	GlobalSection(NestedProjects) = preSolution
		{57C7A1C6-5F35-4F22-8571-239C8BB9F265} = {62ABD9B4-B363-4DCA-BC5D-AF5DE5A19CAA}
		{B52856C8-438A-4EEF-9569-0A8979AE01BC} = {F5A2DB7C-C708-466B-8D4F-74E96314AD49}
		{77F16CD9-A58C-44BC-8E87-822A780F9750} = {04632133-505D-42EE-AE9D-5162B9CC2548}
		{9A8C586A-14A3-4BBE-A272-E158C24394A4} = {04632133-505D-42EE-AE9D-5162B9CC2548}
		{68F4F8BF-B05E-40DB-ABCD-0F6A9DF928F0} = {04632133-505D-42EE-AE9D-5162B9CC2548}
		{0A0542C5-623F-45FD-BEA0-5FD9A173A807} = {04632133-505D-42EE-AE9D-5162B9CC2548}
	EndGlobalSection
	GlobalSection(ExtensibilityGlobals) = postSolution
		SolutionGuid = {E30329D8-C1D6-46B3-9B76-D25862FF8ECF}
	EndGlobalSection
EndGlobal
